[[package]]
name = "gputil"
version = "1.4.0"
description = "GPUtil is a Python module for getting the GPU status from NVIDA GPUs using nvidia-smi."
category = "main"
optional = false
python-versions = "*"

[[package]]
name = "pydantic"
version = "1.10.2"
description = "Data validation and settings management using python type hints"
category = "main"
optional = false
python-versions = ">=3.7"

[package.dependencies]
typing-extensions = ">=4.1.0"

[package.extras]
dotenv = ["python-dotenv (>=0.10.4)"]
email = ["email-validator (>=1.0.3)"]

[[package]]
name = "pyserial"
version = "3.5"
description = "Python Serial Port Extension"
category = "main"
optional = false
python-versions = "*"

[package.extras]
cp2110 = ["hidapi"]

[[package]]
name = "typing-extensions"
version = "4.3.0"
description = "Backported and Experimental Type Hints for Python 3.7+"
category = "main"
optional = false
python-versions = ">=3.7"

[metadata]
lock-version = "1.1"
python-versions = "^3.8"
content-hash = "97ac39f62e7dfa8d492e11b0811ae4675d7afec6ed75e95a76796368afef06c3"

[metadata.files]
gputil = []
pydantic = []
pyserial = []
typing-extensions = []
